
Microsoft Visual Studio Solution File, Format Version 12.00
# Visual Studio 15
VisualStudioVersion = 15.0.28307.539
MinimumVisualStudioVersion = 10.0.40219.1
Project("{9A19103F-16F7-4668-BE54-9A1E7A4F7556}") = "WebChatBackend.Services", "WebChatBackend.Services\WebChatBackend.Services.csproj", "{54C5130C-FFA6-499C-AD6F-1B977BD25F20}"
EndProject
Project("{9A19103F-16F7-4668-BE54-9A1E7A4F7556}") = "WebChatBackend.Data", "WebChatBackend.Data\WebChatBackend.Data.csproj", "{FBCD5637-68F7-4FA2-A8F2-BD3C4E0C4D4F}"
EndProject
Project("{9A19103F-16F7-4668-BE54-9A1E7A4F7556}") = "WebChatBackend.WebAPI", "WebChatBackend.WebAPI\WebChatBackend.WebAPI.csproj", "{5E687CDE-C5E1-4848-9903-15B425404121}"
EndProject
Project("{9A19103F-16F7-4668-BE54-9A1E7A4F7556}") = "WebChatBackend.SignalR", "WebChatBackend.SignalR\WebChatBackend.SignalR.csproj", "{C87D76D1-FA88-4DB1-A283-65C20878DD81}"
EndProject
Project("{FAE04EC0-301F-11D3-BF4B-00C04F79EFBC}") = "WebChatBackend.Infrastructure", "WebChatBackend.Infrastructure\WebChatBackend.Infrastructure.csproj", "{339AF715-31ED-4E39-8B09-A85A572B1CAC}"
EndProject
Global
	GlobalSection(SolutionConfigurationPlatforms) = preSolution
		Debug|Any CPU = Debug|Any CPU
		Release|Any CPU = Release|Any CPU
	EndGlobalSection
	GlobalSection(ProjectConfigurationPlatforms) = postSolution
		{54C5130C-FFA6-499C-AD6F-1B977BD25F20}.Debug|Any CPU.ActiveCfg = Debug|Any CPU
		{54C5130C-FFA6-499C-AD6F-1B977BD25F20}.Debug|Any CPU.Build.0 = Debug|Any CPU
		{54C5130C-FFA6-499C-AD6F-1B977BD25F20}.Release|Any CPU.ActiveCfg = Release|Any CPU
		{54C5130C-FFA6-499C-AD6F-1B977BD25F20}.Release|Any CPU.Build.0 = Release|Any CPU
		{FBCD5637-68F7-4FA2-A8F2-BD3C4E0C4D4F}.Debug|Any CPU.ActiveCfg = Debug|Any CPU
		{FBCD5637-68F7-4FA2-A8F2-BD3C4E0C4D4F}.Debug|Any CPU.Build.0 = Debug|Any CPU
		{FBCD5637-68F7-4FA2-A8F2-BD3C4E0C4D4F}.Release|Any CPU.ActiveCfg = Release|Any CPU
		{FBCD5637-68F7-4FA2-A8F2-BD3C4E0C4D4F}.Release|Any CPU.Build.0 = Release|Any CPU
		{5E687CDE-C5E1-4848-9903-15B425404121}.Debug|Any CPU.ActiveCfg = Debug|Any CPU
		{5E687CDE-C5E1-4848-9903-15B425404121}.Debug|Any CPU.Build.0 = Debug|Any CPU
		{5E687CDE-C5E1-4848-9903-15B425404121}.Release|Any CPU.ActiveCfg = Release|Any CPU
		{5E687CDE-C5E1-4848-9903-15B425404121}.Release|Any CPU.Build.0 = Release|Any CPU
		{C87D76D1-FA88-4DB1-A283-65C20878DD81}.Debug|Any CPU.ActiveCfg = Debug|Any CPU
		{C87D76D1-FA88-4DB1-A283-65C20878DD81}.Debug|Any CPU.Build.0 = Debug|Any CPU
		{C87D76D1-FA88-4DB1-A283-65C20878DD81}.Release|Any CPU.ActiveCfg = Release|Any CPU
		{C87D76D1-FA88-4DB1-A283-65C20878DD81}.Release|Any CPU.Build.0 = Release|Any CPU
		{339AF715-31ED-4E39-8B09-A85A572B1CAC}.Debug|Any CPU.ActiveCfg = Debug|Any CPU
		{339AF715-31ED-4E39-8B09-A85A572B1CAC}.Debug|Any CPU.Build.0 = Debug|Any CPU
		{339AF715-31ED-4E39-8B09-A85A572B1CAC}.Release|Any CPU.ActiveCfg = Release|Any CPU
		{339AF715-31ED-4E39-8B09-A85A572B1CAC}.Release|Any CPU.Build.0 = Release|Any CPU
	EndGlobalSection
	GlobalSection(SolutionProperties) = preSolution
		HideSolutionNode = FALSE
	EndGlobalSection
	GlobalSection(ExtensibilityGlobals) = postSolution
		SolutionGuid = {97AA92E5-DF62-4515-B7B7-8A7D46FA2865}
	EndGlobalSection
EndGlobal
